
Microsoft Visual Studio Solution File, Format Version 12.00
# Visual Studio Version 17
VisualStudioVersion = 17.14.36414.22 d17.14
MinimumVisualStudioVersion = 10.0.40219.1
Project("{FAE04EC0-301F-11D3-BF4B-00C04F79EFBC}") = "PhoneStore", "PhoneStore\PhoneStore.csproj", "{0039675E-8B37-4E38-93B4-0CC6B0BAE940}"
EndProject
Global
	GlobalSection(SolutionConfigurationPlatforms) = preSolution
		Debug|Any CPU = Debug|Any CPU
		Release|Any CPU = Release|Any CPU
	EndGlobalSection
	GlobalSection(ProjectConfigurationPlatforms) = postSolution
		{0039675E-8B37-4E38-93B4-0CC6B0BAE940}.Debug|Any CPU.ActiveCfg = Debug|Any CPU
		{0039675E-8B37-4E38-93B4-0CC6B0BAE940}.Debug|Any CPU.Build.0 = Debug|Any CPU
		{0039675E-8B37-4E38-93B4-0CC6B0BAE940}.Release|Any CPU.ActiveCfg = Release|Any CPU
		{0039675E-8B37-4E38-93B4-0CC6B0BAE940}.Release|Any CPU.Build.0 = Release|Any CPU
	EndGlobalSection
	GlobalSection(SolutionProperties) = preSolution
		HideSolutionNode = FALSE
	EndGlobalSection
	GlobalSection(ExtensibilityGlobals) = postSolution
		SolutionGuid = {7B213E96-31F6-4826-8DF5-6C104585EE32}
	EndGlobalSection
EndGlobal
